// !$*UTF8*$!
{
	archiveVersion = 1;
	classes = {
	};
	objectVersion = 50;
	objects = {

/* Begin PBXBuildFile section */
		113326FC23706C5B00A6A518 /* AppDelegate.swift in Sources */ = {isa = PBXBuildFile; fileRef = 113326FB23706C5B00A6A518 /* AppDelegate.swift */; };
		1133270423706C5B00A6A518 /* MPersianCalender.xcdatamodeld in Sources */ = {isa = PBXBuildFile; fileRef = 1133270223706C5B00A6A518 /* MPersianCalender.xcdatamodeld */; };
		1133270623706C5B00A6A518 /* Assets.xcassets in Resources */ = {isa = PBXBuildFile; fileRef = 1133270523706C5B00A6A518 /* Assets.xcassets */; };
		1133270923706C5B00A6A518 /* LaunchScreen.storyboard in Resources */ = {isa = PBXBuildFile; fileRef = 1133270723706C5B00A6A518 /* LaunchScreen.storyboard */; };
		1133271223706D4000A6A518 /* CollectionViewController.swift in Sources */ = {isa = PBXBuildFile; fileRef = 1133271123706D4000A6A518 /* CollectionViewController.swift */; };
		F21940382375AA49009DB8E9 /* HeaderCollectionReusableView.swift in Sources */ = {isa = PBXBuildFile; fileRef = F21940362375AA49009DB8E9 /* HeaderCollectionReusableView.swift */; };
		F21940392375AA49009DB8E9 /* HeaderCollectionReusableView.xib in Resources */ = {isa = PBXBuildFile; fileRef = F21940372375AA49009DB8E9 /* HeaderCollectionReusableView.xib */; };
		F26A19492375606A0039F9E3 /* ViewController.swift in Sources */ = {isa = PBXBuildFile; fileRef = F26A19472375606A0039F9E3 /* ViewController.swift */; };
		F26A194A2375606A0039F9E3 /* ViewController.xib in Resources */ = {isa = PBXBuildFile; fileRef = F26A19482375606A0039F9E3 /* ViewController.xib */; };
		F26A194E23756AAF0039F9E3 /* CalenderHelper.swift in Sources */ = {isa = PBXBuildFile; fileRef = F26A194D23756AAF0039F9E3 /* CalenderHelper.swift */; };
		F26A1957237572F20039F9E3 /* DayCollectionViewCell.swift in Sources */ = {isa = PBXBuildFile; fileRef = F26A1955237572F20039F9E3 /* DayCollectionViewCell.swift */; };
		F26A1958237572F20039F9E3 /* DayCollectionViewCell.xib in Resources */ = {isa = PBXBuildFile; fileRef = F26A1956237572F20039F9E3 /* DayCollectionViewCell.xib */; };
		F2A4EAE423759C6200285701 /* IRANSansMobile(FaNum)_Medium.ttf in Resources */ = {isa = PBXBuildFile; fileRef = F2A4EADE23759C6100285701 /* IRANSansMobile(FaNum)_Medium.ttf */; };
		F2A4EAE523759C6200285701 /* IRANSansMobile(FaNum)_UltraLight.ttf in Resources */ = {isa = PBXBuildFile; fileRef = F2A4EADF23759C6100285701 /* IRANSansMobile(FaNum)_UltraLight.ttf */; };
		F2A4EAE623759C6200285701 /* IRANSansMobile(FaNum).ttf in Resources */ = {isa = PBXBuildFile; fileRef = F2A4EAE023759C6100285701 /* IRANSansMobile(FaNum).ttf */; };
		F2A4EAE723759C6200285701 /* IRANSansMobile(FaNum)_Black.ttf in Resources */ = {isa = PBXBuildFile; fileRef = F2A4EAE123759C6100285701 /* IRANSansMobile(FaNum)_Black.ttf */; };
		F2A4EAE823759C6200285701 /* IRANSansMobile(FaNum)_Bold.ttf in Resources */ = {isa = PBXBuildFile; fileRef = F2A4EAE223759C6200285701 /* IRANSansMobile(FaNum)_Bold.ttf */; };
		F2A4EAE923759C6200285701 /* IRANSansMobile(FaNum)_Light.ttf in Resources */ = {isa = PBXBuildFile; fileRef = F2A4EAE323759C6200285701 /* IRANSansMobile(FaNum)_Light.ttf */; };
/* End PBXBuildFile section */

/* Begin PBXFileReference section */
		113326F823706C5B00A6A518 /* MPersianCalender.app */ = {isa = PBXFileReference; explicitFileType = wrapper.application; includeInIndex = 0; path = MPersianCalender.app; sourceTree = BUILT_PRODUCTS_DIR; };
		113326FB23706C5B00A6A518 /* AppDelegate.swift */ = {isa = PBXFileReference; lastKnownFileType = sourcecode.swift; path = AppDelegate.swift; sourceTree = "<group>"; };
		1133270323706C5B00A6A518 /* MPersianCalender.xcdatamodel */ = {isa = PBXFileReference; lastKnownFileType = wrapper.xcdatamodel; path = MPersianCalender.xcdatamodel; sourceTree = "<group>"; };
		1133270523706C5B00A6A518 /* Assets.xcassets */ = {isa = PBXFileReference; lastKnownFileType = folder.assetcatalog; path = Assets.xcassets; sourceTree = "<group>"; };
		1133270823706C5B00A6A518 /* Base */ = {isa = PBXFileReference; lastKnownFileType = file.storyboard; name = Base; path = Base.lproj/LaunchScreen.storyboard; sourceTree = "<group>"; };
		1133270A23706C5B00A6A518 /* Info.plist */ = {isa = PBXFileReference; lastKnownFileType = text.plist.xml; path = Info.plist; sourceTree = "<group>"; };
		1133271123706D4000A6A518 /* CollectionViewController.swift */ = {isa = PBXFileReference; lastKnownFileType = sourcecode.swift; path = CollectionViewController.swift; sourceTree = "<group>"; };
		F21940362375AA49009DB8E9 /* HeaderCollectionReusableView.swift */ = {isa = PBXFileReference; lastKnownFileType = sourcecode.swift; path = HeaderCollectionReusableView.swift; sourceTree = "<group>"; };
		F21940372375AA49009DB8E9 /* HeaderCollectionReusableView.xib */ = {isa = PBXFileReference; lastKnownFileType = file.xib; path = HeaderCollectionReusableView.xib; sourceTree = "<group>"; };
		F26A19472375606A0039F9E3 /* ViewController.swift */ = {isa = PBXFileReference; lastKnownFileType = sourcecode.swift; path = ViewController.swift; sourceTree = "<group>"; };
		F26A19482375606A0039F9E3 /* ViewController.xib */ = {isa = PBXFileReference; lastKnownFileType = file.xib; path = ViewController.xib; sourceTree = "<group>"; };
		F26A194D23756AAF0039F9E3 /* CalenderHelper.swift */ = {isa = PBXFileReference; lastKnownFileType = sourcecode.swift; path = CalenderHelper.swift; sourceTree = "<group>"; };
		F26A1955237572F20039F9E3 /* DayCollectionViewCell.swift */ = {isa = PBXFileReference; lastKnownFileType = sourcecode.swift; path = DayCollectionViewCell.swift; sourceTree = "<group>"; };
		F26A1956237572F20039F9E3 /* DayCollectionViewCell.xib */ = {isa = PBXFileReference; lastKnownFileType = file.xib; path = DayCollectionViewCell.xib; sourceTree = "<group>"; };
		F2A4EADE23759C6100285701 /* IRANSansMobile(FaNum)_Medium.ttf */ = {isa = PBXFileReference; lastKnownFileType = file; path = "IRANSansMobile(FaNum)_Medium.ttf"; sourceTree = "<group>"; };
		F2A4EADF23759C6100285701 /* IRANSansMobile(FaNum)_UltraLight.ttf */ = {isa = PBXFileReference; lastKnownFileType = file; path = "IRANSansMobile(FaNum)_UltraLight.ttf"; sourceTree = "<group>"; };
		F2A4EAE023759C6100285701 /* IRANSansMobile(FaNum).ttf */ = {isa = PBXFileReference; lastKnownFileType = file; path = "IRANSansMobile(FaNum).ttf"; sourceTree = "<group>"; };
		F2A4EAE123759C6100285701 /* IRANSansMobile(FaNum)_Black.ttf */ = {isa = PBXFileReference; lastKnownFileType = file; path = "IRANSansMobile(FaNum)_Black.ttf"; sourceTree = "<group>"; };
		F2A4EAE223759C6200285701 /* IRANSansMobile(FaNum)_Bold.ttf */ = {isa = PBXFileReference; lastKnownFileType = file; path = "IRANSansMobile(FaNum)_Bold.ttf"; sourceTree = "<group>"; };
		F2A4EAE323759C6200285701 /* IRANSansMobile(FaNum)_Light.ttf */ = {isa = PBXFileReference; lastKnownFileType = file; path = "IRANSansMobile(FaNum)_Light.ttf"; sourceTree = "<group>"; };
/* End PBXFileReference section */

/* Begin PBXFrameworksBuildPhase section */
		113326F523706C5B00A6A518 /* Frameworks */ = {
			isa = PBXFrameworksBuildPhase;
			buildActionMask = 2147483647;
			files = (
			);
			runOnlyForDeploymentPostprocessing = 0;
		};
/* End PBXFrameworksBuildPhase section */

/* Begin PBXGroup section */
		113326EF23706C5B00A6A518 = {
			isa = PBXGroup;
			children = (
				113326FA23706C5B00A6A518 /* MPersianCalender */,
				113326F923706C5B00A6A518 /* Products */,
			);
			sourceTree = "<group>";
		};
		113326F923706C5B00A6A518 /* Products */ = {
			isa = PBXGroup;
			children = (
				113326F823706C5B00A6A518 /* MPersianCalender.app */,
			);
			name = Products;
			sourceTree = "<group>";
		};
		113326FA23706C5B00A6A518 /* MPersianCalender */ = {
			isa = PBXGroup;
			children = (
				F2A4EADD23759C4900285701 /* Resource */,
				F26A194C23756A940039F9E3 /* Helper */,
				F26A194B23756A7E0039F9E3 /* View */,
				1133271023706CC800A6A518 /* CalenderCollectionView */,
				113326FB23706C5B00A6A518 /* AppDelegate.swift */,
				1133270523706C5B00A6A518 /* Assets.xcassets */,
				1133270723706C5B00A6A518 /* LaunchScreen.storyboard */,
				1133270A23706C5B00A6A518 /* Info.plist */,
				1133270223706C5B00A6A518 /* MPersianCalender.xcdatamodeld */,
			);
			path = MPersianCalender;
			sourceTree = "<group>";
		};
		1133271023706CC800A6A518 /* CalenderCollectionView */ = {
			isa = PBXGroup;
			children = (
				1133271123706D4000A6A518 /* CollectionViewController.swift */,
			);
			path = CalenderCollectionView;
			sourceTree = "<group>";
		};
		F21940352375A6ED009DB8E9 /* header */ = {
			isa = PBXGroup;
			children = (
				F21940362375AA49009DB8E9 /* HeaderCollectionReusableView.swift */,
				F21940372375AA49009DB8E9 /* HeaderCollectionReusableView.xib */,
			);
			path = header;
			sourceTree = "<group>";
		};
		F26A1942237560350039F9E3 /* ViewController */ = {
			isa = PBXGroup;
			children = (
				F26A19472375606A0039F9E3 /* ViewController.swift */,
				F26A19482375606A0039F9E3 /* ViewController.xib */,
				F21940352375A6ED009DB8E9 /* header */,
				F26A1954237572DA0039F9E3 /* cell */,
			);
			path = ViewController;
			sourceTree = "<group>";
		};
		F26A194B23756A7E0039F9E3 /* View */ = {
			isa = PBXGroup;
			children = (
				F26A1942237560350039F9E3 /* ViewController */,
			);
			path = View;
			sourceTree = "<group>";
		};
		F26A194C23756A940039F9E3 /* Helper */ = {
			isa = PBXGroup;
			children = (
				F26A194D23756AAF0039F9E3 /* CalenderHelper.swift */,
			);
			path = Helper;
			sourceTree = "<group>";
		};
		F26A1954237572DA0039F9E3 /* cell */ = {
			isa = PBXGroup;
			children = (
				F26A1955237572F20039F9E3 /* DayCollectionViewCell.swift */,
				F26A1956237572F20039F9E3 /* DayCollectionViewCell.xib */,
			);
			path = cell;
			sourceTree = "<group>";
		};
		F2A4EADD23759C4900285701 /* Resource */ = {
			isa = PBXGroup;
			children = (
				F2A4EAE123759C6100285701 /* IRANSansMobile(FaNum)_Black.ttf */,
				F2A4EAE223759C6200285701 /* IRANSansMobile(FaNum)_Bold.ttf */,
				F2A4EAE323759C6200285701 /* IRANSansMobile(FaNum)_Light.ttf */,
				F2A4EADE23759C6100285701 /* IRANSansMobile(FaNum)_Medium.ttf */,
				F2A4EADF23759C6100285701 /* IRANSansMobile(FaNum)_UltraLight.ttf */,
				F2A4EAE023759C6100285701 /* IRANSansMobile(FaNum).ttf */,
			);
			path = Resource;
			sourceTree = "<group>";
		};
/* End PBXGroup section */

/* Begin PBXNativeTarget section */
		113326F723706C5B00A6A518 /* MPersianCalender */ = {
			isa = PBXNativeTarget;
			buildConfigurationList = 1133270D23706C5B00A6A518 /* Build configuration list for PBXNativeTarget "MPersianCalender" */;
			buildPhases = (
				113326F423706C5B00A6A518 /* Sources */,
				113326F523706C5B00A6A518 /* Frameworks */,
				113326F623706C5B00A6A518 /* Resources */,
			);
			buildRules = (
			);
			dependencies = (
			);
			name = MPersianCalender;
			productName = MPersianCalender;
			productReference = 113326F823706C5B00A6A518 /* MPersianCalender.app */;
			productType = "com.apple.product-type.application";
		};
/* End PBXNativeTarget section */

/* Begin PBXProject section */
		113326F023706C5B00A6A518 /* Project object */ = {
			isa = PBXProject;
			attributes = {
				LastSwiftUpdateCheck = 1010;
				LastUpgradeCheck = 1010;
				ORGANIZATIONNAME = "Mahdi Moayeri";
				TargetAttributes = {
					113326F723706C5B00A6A518 = {
						CreatedOnToolsVersion = 10.1;
					};
				};
			};
			buildConfigurationList = 113326F323706C5B00A6A518 /* Build configuration list for PBXProject "MPersianCalender" */;
			compatibilityVersion = "Xcode 9.3";
			developmentRegion = en;
			hasScannedForEncodings = 0;
			knownRegions = (
				en,
				Base,
			);
			mainGroup = 113326EF23706C5B00A6A518;
			productRefGroup = 113326F923706C5B00A6A518 /* Products */;
			projectDirPath = "";
			projectRoot = "";
			targets = (
				113326F723706C5B00A6A518 /* MPersianCalender */,
			);
		};
/* End PBXProject section */

/* Begin PBXResourcesBuildPhase section */
		113326F623706C5B00A6A518 /* Resources */ = {
			isa = PBXResourcesBuildPhase;
			buildActionMask = 2147483647;
			files = (
				1133270923706C5B00A6A518 /* LaunchScreen.storyboard in Resources */,
				F2A4EAE423759C6200285701 /* IRANSansMobile(FaNum)_Medium.ttf in Resources */,
				F2A4EAE523759C6200285701 /* IRANSansMobile(FaNum)_UltraLight.ttf in Resources */,
				F2A4EAE923759C6200285701 /* IRANSansMobile(FaNum)_Light.ttf in Resources */,
				F26A194A2375606A0039F9E3 /* ViewController.xib in Resources */,
				F2A4EAE823759C6200285701 /* IRANSansMobile(FaNum)_Bold.ttf in Resources */,
				F2A4EAE623759C6200285701 /* IRANSansMobile(FaNum).ttf in Resources */,
				1133270623706C5B00A6A518 /* Assets.xcassets in Resources */,
				F2A4EAE723759C6200285701 /* IRANSansMobile(FaNum)_Black.ttf in Resources */,
				F26A1958237572F20039F9E3 /* DayCollectionViewCell.xib in Resources */,
				F21940392375AA49009DB8E9 /* HeaderCollectionReusableView.xib in Resources */,
			);
			runOnlyForDeploymentPostprocessing = 0;
		};
/* End PBXResourcesBuildPhase section */

/* Begin PBXSourcesBuildPhase section */
		113326F423706C5B00A6A518 /* Sources */ = {
			isa = PBXSourcesBuildPhase;
			buildActionMask = 2147483647;
			files = (
				F21940382375AA49009DB8E9 /* HeaderCollectionReusableView.swift in Sources */,
				F26A19492375606A0039F9E3 /* ViewController.swift in Sources */,
				F26A1957237572F20039F9E3 /* DayCollectionViewCell.swift in Sources */,
				1133271223706D4000A6A518 /* CollectionViewController.swift in Sources */,
				1133270423706C5B00A6A518 /* MPersianCalender.xcdatamodeld in Sources */,
				113326FC23706C5B00A6A518 /* AppDelegate.swift in Sources */,
				F26A194E23756AAF0039F9E3 /* CalenderHelper.swift in Sources */,
			);
			runOnlyForDeploymentPostprocessing = 0;
		};
/* End PBXSourcesBuildPhase section */

/* Begin PBXVariantGroup section */
		1133270723706C5B00A6A518 /* LaunchScreen.storyboard */ = {
			isa = PBXVariantGroup;
			children = (
				1133270823706C5B00A6A518 /* Base */,
			);
			name = LaunchScreen.storyboard;
			sourceTree = "<group>";
		};
/* End PBXVariantGroup section */

/* Begin XCBuildConfiguration section */
		1133270B23706C5B00A6A518 /* Debug */ = {
			isa = XCBuildConfiguration;
			buildSettings = {
				ALWAYS_SEARCH_USER_PATHS = NO;
				CLANG_ANALYZER_NONNULL = YES;
				CLANG_ANALYZER_NUMBER_OBJECT_CONVERSION = YES_AGGRESSIVE;
				CLANG_CXX_LANGUAGE_STANDARD = "gnu++14";
				CLANG_CXX_LIBRARY = "libc++";
				CLANG_ENABLE_MODULES = YES;
				CLANG_ENABLE_OBJC_ARC = YES;
				CLANG_ENABLE_OBJC_WEAK = YES;
				CLANG_WARN_BLOCK_CAPTURE_AUTORELEASING = YES;
				CLANG_WARN_BOOL_CONVERSION = YES;
				CLANG_WARN_COMMA = YES;
				CLANG_WARN_CONSTANT_CONVERSION = YES;
				CLANG_WARN_DEPRECATED_OBJC_IMPLEMENTATIONS = YES;
				CLANG_WARN_DIRECT_OBJC_ISA_USAGE = YES_ERROR;
				CLANG_WARN_DOCUMENTATION_COMMENTS = YES;
				CLANG_WARN_EMPTY_BODY = YES;
				CLANG_WARN_ENUM_CONVERSION = YES;
				CLANG_WARN_INFINITE_RECURSION = YES;
				CLANG_WARN_INT_CONVERSION = YES;
				CLANG_WARN_NON_LITERAL_NULL_CONVERSION = YES;
				CLANG_WARN_OBJC_IMPLICIT_RETAIN_SELF = YES;
				CLANG_WARN_OBJC_LITERAL_CONVERSION = YES;
				CLANG_WARN_OBJC_ROOT_CLASS = YES_ERROR;
				CLANG_WARN_RANGE_LOOP_ANALYSIS = YES;
				CLANG_WARN_STRICT_PROTOTYPES = YES;
				CLANG_WARN_SUSPICIOUS_MOVE = YES;
				CLANG_WARN_UNGUARDED_AVAILABILITY = YES_AGGRESSIVE;
				CLANG_WARN_UNREACHABLE_CODE = YES;
				CLANG_WARN__DUPLICATE_METHOD_MATCH = YES;
				CODE_SIGN_IDENTITY = "iPhone Developer";
				COPY_PHASE_STRIP = NO;
				DEBUG_INFORMATION_FORMAT = dwarf;
				ENABLE_STRICT_OBJC_MSGSEND = YES;
				ENABLE_TESTABILITY = YES;
				GCC_C_LANGUAGE_STANDARD = gnu11;
				GCC_DYNAMIC_NO_PIC = NO;
				GCC_NO_COMMON_BLOCKS = YES;
				GCC_OPTIMIZATION_LEVEL = 0;
				GCC_PREPROCESSOR_DEFINITIONS = (
					"DEBUG=1",
					"$(inherited)",
				);
				GCC_WARN_64_TO_32_BIT_CONVERSION = YES;
				GCC_WARN_ABOUT_RETURN_TYPE = YES_ERROR;
				GCC_WARN_UNDECLARED_SELECTOR = YES;
				GCC_WARN_UNINITIALIZED_AUTOS = YES_AGGRESSIVE;
				GCC_WARN_UNUSED_FUNCTION = YES;
				GCC_WARN_UNUSED_VARIABLE = YES;
				IPHONEOS_DEPLOYMENT_TARGET = 12.1;
				MTL_ENABLE_DEBUG_INFO = INCLUDE_SOURCE;
				MTL_FAST_MATH = YES;
				ONLY_ACTIVE_ARCH = YES;
				SDKROOT = iphoneos;
				SWIFT_ACTIVE_COMPILATION_CONDITIONS = DEBUG;
				SWIFT_OPTIMIZATION_LEVEL = "-Onone";
			};
			name = Debug;
		};
		1133270C23706C5B00A6A518 /* Release */ = {
			isa = XCBuildConfiguration;
			buildSettings = {
				ALWAYS_SEARCH_USER_PATHS = NO;
				CLANG_ANALYZER_NONNULL = YES;
				CLANG_ANALYZER_NUMBER_OBJECT_CONVERSION = YES_AGGRESSIVE;
				CLANG_CXX_LANGUAGE_STANDARD = "gnu++14";
				CLANG_CXX_LIBRARY = "libc++";
				CLANG_ENABLE_MODULES = YES;
				CLANG_ENABLE_OBJC_ARC = YES;
				CLANG_ENABLE_OBJC_WEAK = YES;
				CLANG_WARN_BLOCK_CAPTURE_AUTORELEASING = YES;
				CLANG_WARN_BOOL_CONVERSION = YES;
				CLANG_WARN_COMMA = YES;
				CLANG_WARN_CONSTANT_CONVERSION = YES;
				CLANG_WARN_DEPRECATED_OBJC_IMPLEMENTATIONS = YES;
				CLANG_WARN_DIRECT_OBJC_ISA_USAGE = YES_ERROR;
				CLANG_WARN_DOCUMENTATION_COMMENTS = YES;
				CLANG_WARN_EMPTY_BODY = YES;
				CLANG_WARN_ENUM_CONVERSION = YES;
				CLANG_WARN_INFINITE_RECURSION = YES;
				CLANG_WARN_INT_CONVERSION = YES;
				CLANG_WARN_NON_LITERAL_NULL_CONVERSION = YES;
				CLANG_WARN_OBJC_IMPLICIT_RETAIN_SELF = YES;
				CLANG_WARN_OBJC_LITERAL_CONVERSION = YES;
				CLANG_WARN_OBJC_ROOT_CLASS = YES_ERROR;
				CLANG_WARN_RANGE_LOOP_ANALYSIS = YES;
				CLANG_WARN_STRICT_PROTOTYPES = YES;
				CLANG_WARN_SUSPICIOUS_MOVE = YES;
				CLANG_WARN_UNGUARDED_AVAILABILITY = YES_AGGRESSIVE;
				CLANG_WARN_UNREACHABLE_CODE = YES;
				CLANG_WARN__DUPLICATE_METHOD_MATCH = YES;
				CODE_SIGN_IDENTITY = "iPhone Developer";
				COPY_PHASE_STRIP = NO;
				DEBUG_INFORMATION_FORMAT = "dwarf-with-dsym";
				ENABLE_NS_ASSERTIONS = NO;
				ENABLE_STRICT_OBJC_MSGSEND = YES;
				GCC_C_LANGUAGE_STANDARD = gnu11;
				GCC_NO_COMMON_BLOCKS = YES;
				GCC_WARN_64_TO_32_BIT_CONVERSION = YES;
				GCC_WARN_ABOUT_RETURN_TYPE = YES_ERROR;
				GCC_WARN_UNDECLARED_SELECTOR = YES;
				GCC_WARN_UNINITIALIZED_AUTOS = YES_AGGRESSIVE;
				GCC_WARN_UNUSED_FUNCTION = YES;
				GCC_WARN_UNUSED_VARIABLE = YES;
				IPHONEOS_DEPLOYMENT_TARGET = 12.1;
				MTL_ENABLE_DEBUG_INFO = NO;
				MTL_FAST_MATH = YES;
				SDKROOT = iphoneos;
				SWIFT_COMPILATION_MODE = wholemodule;
				SWIFT_OPTIMIZATION_LEVEL = "-O";
				VALIDATE_PRODUCT = YES;
			};
			name = Release;
		};
		1133270E23706C5B00A6A518 /* Debug */ = {
			isa = XCBuildConfiguration;
			buildSettings = {
				ASSETCATALOG_COMPILER_APPICON_NAME = AppIcon;
				CODE_SIGN_STYLE = Automatic;
				DEVELOPMENT_TEAM = 4DN3REULM3;
				INFOPLIST_FILE = MPersianCalender/Info.plist;
				LD_RUNPATH_SEARCH_PATHS = (
					"$(inherited)",
					"@executable_path/Frameworks",
				);
				PRODUCT_BUNDLE_IDENTIFIER = com.notron.MPersianCalender;
				PRODUCT_NAME = "$(TARGET_NAME)";
				SWIFT_VERSION = 4.2;
				TARGETED_DEVICE_FAMILY = "1,2";
			};
			name = Debug;
		};
		1133270F23706C5B00A6A518 /* Release */ = {
			isa = XCBuildConfiguration;
			buildSettings = {
				ASSETCATALOG_COMPILER_APPICON_NAME = AppIcon;
				CODE_SIGN_STYLE = Automatic;
				DEVELOPMENT_TEAM = 4DN3REULM3;
				INFOPLIST_FILE = MPersianCalender/Info.plist;
				LD_RUNPATH_SEARCH_PATHS = (
					"$(inherited)",
					"@executable_path/Frameworks",
				);
				PRODUCT_BUNDLE_IDENTIFIER = com.notron.MPersianCalender;
				PRODUCT_NAME = "$(TARGET_NAME)";
				SWIFT_VERSION = 4.2;
				TARGETED_DEVICE_FAMILY = "1,2";
			};
			name = Release;
		};
/* End XCBuildConfiguration section */

/* Begin XCConfigurationList section */
		113326F323706C5B00A6A518 /* Build configuration list for PBXProject "MPersianCalender" */ = {
			isa = XCConfigurationList;
			buildConfigurations = (
				1133270B23706C5B00A6A518 /* Debug */,
				1133270C23706C5B00A6A518 /* Release */,
			);
			defaultConfigurationIsVisible = 0;
			defaultConfigurationName = Release;
		};
		1133270D23706C5B00A6A518 /* Build configuration list for PBXNativeTarget "MPersianCalender" */ = {
			isa = XCConfigurationList;
			buildConfigurations = (
				1133270E23706C5B00A6A518 /* Debug */,
				1133270F23706C5B00A6A518 /* Release */,
			);
			defaultConfigurationIsVisible = 0;
			defaultConfigurationName = Release;
		};
/* End XCConfigurationList section */

/* Begin XCVersionGroup section */
		1133270223706C5B00A6A518 /* MPersianCalender.xcdatamodeld */ = {
			isa = XCVersionGroup;
			children = (
				1133270323706C5B00A6A518 /* MPersianCalender.xcdatamodel */,
			);
			currentVersion = 1133270323706C5B00A6A518 /* MPersianCalender.xcdatamodel */;
			path = MPersianCalender.xcdatamodeld;
			sourceTree = "<group>";
			versionGroupType = wrapper.xcdatamodel;
		};
/* End XCVersionGroup section */
	};
	rootObject = 113326F023706C5B00A6A518 /* Project object */;
}
